
Microsoft Visual Studio Solution File, Format Version 12.00
# Visual Studio Version 17
VisualStudioVersion = 17.6.33801.468
MinimumVisualStudioVersion = 10.0.40219.1
Project("{FAE04EC0-301F-11D3-BF4B-00C04F79EFBC}") = "Votes", "Votes\Votes.csproj", "{026A6C3D-48AE-4536-A721-7B70C3E2B209}"
EndProject
Global
	GlobalSection(SolutionConfigurationPlatforms) = preSolution
		Debug|Any CPU = Debug|Any CPU
		Release|Any CPU = Release|Any CPU
	EndGlobalSection
	GlobalSection(ProjectConfigurationPlatforms) = postSolution
		{026A6C3D-48AE-4536-A721-7B70C3E2B209}.Debug|Any CPU.ActiveCfg = Debug|Any CPU
		{026A6C3D-48AE-4536-A721-7B70C3E2B209}.Debug|Any CPU.Build.0 = Debug|Any CPU
		{026A6C3D-48AE-4536-A721-7B70C3E2B209}.Release|Any CPU.ActiveCfg = Release|Any CPU
		{026A6C3D-48AE-4536-A721-7B70C3E2B209}.Release|Any CPU.Build.0 = Release|Any CPU
	EndGlobalSection
	GlobalSection(SolutionProperties) = preSolution
		HideSolutionNode = FALSE
	EndGlobalSection
	GlobalSection(ExtensibilityGlobals) = postSolution
		SolutionGuid = {5E7BB368-341E-49A7-B1BB-ACB022A9C1C9}
	EndGlobalSection
EndGlobal
